
Microsoft Visual Studio Solution File, Format Version 12.00
# Visual Studio Version 17
VisualStudioVersion = 17.7.34202.233
MinimumVisualStudioVersion = 10.0.40219.1
Project("{FAE04EC0-301F-11D3-BF4B-00C04F79EFBC}") = "Auth", "Auth\Auth.csproj", "{85A67429-89AF-409C-954D-02ED7A13A41E}"
EndProject
Global
	GlobalSection(SolutionConfigurationPlatforms) = preSolution
		Debug|Any CPU = Debug|Any CPU
		Release|Any CPU = Release|Any CPU
	EndGlobalSection
	GlobalSection(ProjectConfigurationPlatforms) = postSolution
		{85A67429-89AF-409C-954D-02ED7A13A41E}.Debug|Any CPU.ActiveCfg = Debug|Any CPU
		{85A67429-89AF-409C-954D-02ED7A13A41E}.Debug|Any CPU.Build.0 = Debug|Any CPU
		{85A67429-89AF-409C-954D-02ED7A13A41E}.Release|Any CPU.ActiveCfg = Release|Any CPU
		{85A67429-89AF-409C-954D-02ED7A13A41E}.Release|Any CPU.Build.0 = Release|Any CPU
	EndGlobalSection
	GlobalSection(SolutionProperties) = preSolution
		HideSolutionNode = FALSE
	EndGlobalSection
	GlobalSection(ExtensibilityGlobals) = postSolution
		SolutionGuid = {33D2A7D8-24E9-482B-93BD-72BB21935761}
	EndGlobalSection
EndGlobal
